
Microsoft Visual Studio Solution File, Format Version 12.00
# Visual Studio Version 17
VisualStudioVersion = 17.9.34701.34
MinimumVisualStudioVersion = 10.0.40219.1
Project("{FAE04EC0-301F-11D3-BF4B-00C04F79EFBC}") = "WebsiteKinhDoanhThucPhamChayAnPhuc", "WebsiteKinhDoanhThucPhamChayAnPhuc\WebsiteKinhDoanhThucPhamChayAnPhuc.csproj", "{CC039382-B2CD-4D35-85C7-E2E3C75544D5}"
EndProject
Global
	GlobalSection(SolutionConfigurationPlatforms) = preSolution
		Debug|Any CPU = Debug|Any CPU
		Release|Any CPU = Release|Any CPU
	EndGlobalSection
	GlobalSection(ProjectConfigurationPlatforms) = postSolution
		{CC039382-B2CD-4D35-85C7-E2E3C75544D5}.Debug|Any CPU.ActiveCfg = Debug|Any CPU
		{CC039382-B2CD-4D35-85C7-E2E3C75544D5}.Debug|Any CPU.Build.0 = Debug|Any CPU
		{CC039382-B2CD-4D35-85C7-E2E3C75544D5}.Release|Any CPU.ActiveCfg = Release|Any CPU
		{CC039382-B2CD-4D35-85C7-E2E3C75544D5}.Release|Any CPU.Build.0 = Release|Any CPU
	EndGlobalSection
	GlobalSection(SolutionProperties) = preSolution
		HideSolutionNode = FALSE
	EndGlobalSection
	GlobalSection(ExtensibilityGlobals) = postSolution
		SolutionGuid = {36754304-C8C0-4A01-97F6-DDF22319315B}
	EndGlobalSection
EndGlobal
